
Microsoft Visual Studio Solution File, Format Version 12.00
# Visual Studio 15
VisualStudioVersion = 15.0.28307.106
MinimumVisualStudioVersion = 10.0.40219.1
Project("{8BC9CEB8-8B4A-11D0-8D11-00A0C91BC942}") = "TextFiles", "CodeDesignAndStructuresExercises\CodeDesignAndStructuresExercises.vcxproj", "{BC101727-CADD-4E5D-A175-C23B06A972C3}"
EndProject
Project("{8BC9CEB8-8B4A-11D0-8D11-00A0C91BC942}") = "BinaryFiles", "BinaryFiles\BinaryFiles.vcxproj", "{C98D9929-B958-491B-929C-0C634ABD54A4}"
EndProject
Project("{8BC9CEB8-8B4A-11D0-8D11-00A0C91BC942}") = "DynamicArrays", "DynamicArrays\DynamicArrays.vcxproj", "{9F0B6740-F6EE-4518-9DCF-C5524AAFC6D1}"
EndProject
Project("{8BC9CEB8-8B4A-11D0-8D11-00A0C91BC942}") = "LinkedLists", "LinkedLists\LinkedLists.vcxproj", "{F74D26AC-C992-46BB-AB5D-937B2F036711}"
EndProject
Project("{8BC9CEB8-8B4A-11D0-8D11-00A0C91BC942}") = "StacksAndQueues", "StacksAndQueues\StacksAndQueues.vcxproj", "{4E589971-4F8E-4809-A10A-F7CFFCB020BD}"
EndProject
Project("{8BC9CEB8-8B4A-11D0-8D11-00A0C91BC942}") = "BubbleAndInsertionAndMergeSort", "BubbleAndInsertionSort\BubbleAndInsertionSort.vcxproj", "{850F7FFB-4F1A-43ED-8AEF-0D16C5770CB9}"
EndProject
Project("{8BC9CEB8-8B4A-11D0-8D11-00A0C91BC942}") = "Singletons", "Singletons\Singletons.vcxproj", "{AA39F9A6-BD12-47A8-AEC0-07396BE5B950}"
EndProject
Global
	GlobalSection(SolutionConfigurationPlatforms) = preSolution
		Debug|x64 = Debug|x64
		Debug|x86 = Debug|x86
		Release|x64 = Release|x64
		Release|x86 = Release|x86
	EndGlobalSection
	GlobalSection(ProjectConfigurationPlatforms) = postSolution
		{BC101727-CADD-4E5D-A175-C23B06A972C3}.Debug|x64.ActiveCfg = Debug|x64
		{BC101727-CADD-4E5D-A175-C23B06A972C3}.Debug|x64.Build.0 = Debug|x64
		{BC101727-CADD-4E5D-A175-C23B06A972C3}.Debug|x86.ActiveCfg = Debug|Win32
		{BC101727-CADD-4E5D-A175-C23B06A972C3}.Debug|x86.Build.0 = Debug|Win32
		{BC101727-CADD-4E5D-A175-C23B06A972C3}.Release|x64.ActiveCfg = Release|x64
		{BC101727-CADD-4E5D-A175-C23B06A972C3}.Release|x64.Build.0 = Release|x64
		{BC101727-CADD-4E5D-A175-C23B06A972C3}.Release|x86.ActiveCfg = Release|Win32
		{BC101727-CADD-4E5D-A175-C23B06A972C3}.Release|x86.Build.0 = Release|Win32
		{C98D9929-B958-491B-929C-0C634ABD54A4}.Debug|x64.ActiveCfg = Debug|x64
		{C98D9929-B958-491B-929C-0C634ABD54A4}.Debug|x64.Build.0 = Debug|x64
		{C98D9929-B958-491B-929C-0C634ABD54A4}.Debug|x86.ActiveCfg = Debug|Win32
		{C98D9929-B958-491B-929C-0C634ABD54A4}.Debug|x86.Build.0 = Debug|Win32
		{C98D9929-B958-491B-929C-0C634ABD54A4}.Release|x64.ActiveCfg = Release|x64
		{C98D9929-B958-491B-929C-0C634ABD54A4}.Release|x64.Build.0 = Release|x64
		{C98D9929-B958-491B-929C-0C634ABD54A4}.Release|x86.ActiveCfg = Release|Win32
		{C98D9929-B958-491B-929C-0C634ABD54A4}.Release|x86.Build.0 = Release|Win32
		{9F0B6740-F6EE-4518-9DCF-C5524AAFC6D1}.Debug|x64.ActiveCfg = Debug|x64
		{9F0B6740-F6EE-4518-9DCF-C5524AAFC6D1}.Debug|x64.Build.0 = Debug|x64
		{9F0B6740-F6EE-4518-9DCF-C5524AAFC6D1}.Debug|x86.ActiveCfg = Debug|Win32
		{9F0B6740-F6EE-4518-9DCF-C5524AAFC6D1}.Debug|x86.Build.0 = Debug|Win32
		{9F0B6740-F6EE-4518-9DCF-C5524AAFC6D1}.Release|x64.ActiveCfg = Release|x64
		{9F0B6740-F6EE-4518-9DCF-C5524AAFC6D1}.Release|x64.Build.0 = Release|x64
		{9F0B6740-F6EE-4518-9DCF-C5524AAFC6D1}.Release|x86.ActiveCfg = Release|Win32
		{9F0B6740-F6EE-4518-9DCF-C5524AAFC6D1}.Release|x86.Build.0 = Release|Win32
		{F74D26AC-C992-46BB-AB5D-937B2F036711}.Debug|x64.ActiveCfg = Debug|x64
		{F74D26AC-C992-46BB-AB5D-937B2F036711}.Debug|x64.Build.0 = Debug|x64
		{F74D26AC-C992-46BB-AB5D-937B2F036711}.Debug|x86.ActiveCfg = Debug|Win32
		{F74D26AC-C992-46BB-AB5D-937B2F036711}.Debug|x86.Build.0 = Debug|Win32
		{F74D26AC-C992-46BB-AB5D-937B2F036711}.Release|x64.ActiveCfg = Release|x64
		{F74D26AC-C992-46BB-AB5D-937B2F036711}.Release|x64.Build.0 = Release|x64
		{F74D26AC-C992-46BB-AB5D-937B2F036711}.Release|x86.ActiveCfg = Release|Win32
		{F74D26AC-C992-46BB-AB5D-937B2F036711}.Release|x86.Build.0 = Release|Win32
		{4E589971-4F8E-4809-A10A-F7CFFCB020BD}.Debug|x64.ActiveCfg = Debug|x64
		{4E589971-4F8E-4809-A10A-F7CFFCB020BD}.Debug|x64.Build.0 = Debug|x64
		{4E589971-4F8E-4809-A10A-F7CFFCB020BD}.Debug|x86.ActiveCfg = Debug|Win32
		{4E589971-4F8E-4809-A10A-F7CFFCB020BD}.Debug|x86.Build.0 = Debug|Win32
		{4E589971-4F8E-4809-A10A-F7CFFCB020BD}.Release|x64.ActiveCfg = Release|x64
		{4E589971-4F8E-4809-A10A-F7CFFCB020BD}.Release|x64.Build.0 = Release|x64
		{4E589971-4F8E-4809-A10A-F7CFFCB020BD}.Release|x86.ActiveCfg = Release|Win32
		{4E589971-4F8E-4809-A10A-F7CFFCB020BD}.Release|x86.Build.0 = Release|Win32
		{850F7FFB-4F1A-43ED-8AEF-0D16C5770CB9}.Debug|x64.ActiveCfg = Debug|x64
		{850F7FFB-4F1A-43ED-8AEF-0D16C5770CB9}.Debug|x64.Build.0 = Debug|x64
		{850F7FFB-4F1A-43ED-8AEF-0D16C5770CB9}.Debug|x86.ActiveCfg = Debug|Win32
		{850F7FFB-4F1A-43ED-8AEF-0D16C5770CB9}.Debug|x86.Build.0 = Debug|Win32
		{850F7FFB-4F1A-43ED-8AEF-0D16C5770CB9}.Release|x64.ActiveCfg = Release|x64
		{850F7FFB-4F1A-43ED-8AEF-0D16C5770CB9}.Release|x64.Build.0 = Release|x64
		{850F7FFB-4F1A-43ED-8AEF-0D16C5770CB9}.Release|x86.ActiveCfg = Release|Win32
		{850F7FFB-4F1A-43ED-8AEF-0D16C5770CB9}.Release|x86.Build.0 = Release|Win32
		{AA39F9A6-BD12-47A8-AEC0-07396BE5B950}.Debug|x64.ActiveCfg = Debug|x64
		{AA39F9A6-BD12-47A8-AEC0-07396BE5B950}.Debug|x64.Build.0 = Debug|x64
		{AA39F9A6-BD12-47A8-AEC0-07396BE5B950}.Debug|x86.ActiveCfg = Debug|Win32
		{AA39F9A6-BD12-47A8-AEC0-07396BE5B950}.Debug|x86.Build.0 = Debug|Win32
		{AA39F9A6-BD12-47A8-AEC0-07396BE5B950}.Release|x64.ActiveCfg = Release|x64
		{AA39F9A6-BD12-47A8-AEC0-07396BE5B950}.Release|x64.Build.0 = Release|x64
		{AA39F9A6-BD12-47A8-AEC0-07396BE5B950}.Release|x86.ActiveCfg = Release|Win32
		{AA39F9A6-BD12-47A8-AEC0-07396BE5B950}.Release|x86.Build.0 = Release|Win32
	EndGlobalSection
	GlobalSection(SolutionProperties) = preSolution
		HideSolutionNode = FALSE
	EndGlobalSection
	GlobalSection(ExtensibilityGlobals) = postSolution
		SolutionGuid = {C8812589-6900-4C58-B833-2F4E72E18983}
	EndGlobalSection
EndGlobal
